// !$*UTF8*$!
{
	archiveVersion = 1;
	classes = {
	};
	objectVersion = 56;
	objects = {

/* Begin PBXBuildFile section */
		641B0D602B71D869009807F5 /* NetworkManager.swift in Sources */ = {isa = PBXBuildFile; fileRef = 641B0D5F2B71D869009807F5 /* NetworkManager.swift */; };
		641B0D632B71D95C009807F5 /* APError.swift in Sources */ = {isa = PBXBuildFile; fileRef = 641B0D612B71D95C009807F5 /* APError.swift */; };
		641B0D642B71D95C009807F5 /* Alert.swift in Sources */ = {isa = PBXBuildFile; fileRef = 641B0D622B71D95C009807F5 /* Alert.swift */; };
		641B0D662B71DA04009807F5 /* apiViewModel.swift in Sources */ = {isa = PBXBuildFile; fileRef = 641B0D652B71DA04009807F5 /* apiViewModel.swift */; };
		641BB6E52B335F6200806636 /* Willy_NillyApp.swift in Sources */ = {isa = PBXBuildFile; fileRef = 641BB6E42B335F6200806636 /* Willy_NillyApp.swift */; };
		641BB6E92B335F6400806636 /* Assets.xcassets in Resources */ = {isa = PBXBuildFile; fileRef = 641BB6E82B335F6400806636 /* Assets.xcassets */; };
		641BB6EC2B335F6400806636 /* Preview Assets.xcassets in Resources */ = {isa = PBXBuildFile; fileRef = 641BB6EB2B335F6400806636 /* Preview Assets.xcassets */; };
		642606F32B58C2A000DA9DCA /* Kingfisher in Frameworks */ = {isa = PBXBuildFile; productRef = 642606F22B58C2A000DA9DCA /* Kingfisher */; };
		643B9DE12B51138C00200050 /* HorizonScrollView.swift in Sources */ = {isa = PBXBuildFile; fileRef = 643B9DE02B51138C00200050 /* HorizonScrollView.swift */; };
		643B9DE32B5114EF00200050 /* HomeView.swift in Sources */ = {isa = PBXBuildFile; fileRef = 643B9DE22B5114EF00200050 /* HomeView.swift */; };
		643B9DE72B51211700200050 /* TabHome.swift in Sources */ = {isa = PBXBuildFile; fileRef = 643B9DE62B51211700200050 /* TabHome.swift */; };
		643B9DE92B512DD500200050 /* CategoryView.swift in Sources */ = {isa = PBXBuildFile; fileRef = 643B9DE82B512DD500200050 /* CategoryView.swift */; };
		64498C512B5BF7C2007222CB /* PopularBanner.swift in Sources */ = {isa = PBXBuildFile; fileRef = 64498C502B5BF7C2007222CB /* PopularBanner.swift */; };
		6475DE0D2B748BBE00C40737 /* MyListsView.swift in Sources */ = {isa = PBXBuildFile; fileRef = 6475DE0C2B748BBE00C40737 /* MyListsView.swift */; };
		6475DE102B74913700C40737 /* AllMovieView.swift in Sources */ = {isa = PBXBuildFile; fileRef = 6475DE0F2B74913700C40737 /* AllMovieView.swift */; };
		6476FB242B75ACAA001CB3CF /* ContextMenuMovieCell.swift in Sources */ = {isa = PBXBuildFile; fileRef = 6476FB232B75ACAA001CB3CF /* ContextMenuMovieCell.swift */; };
		6476FB272B760162001CB3CF /* LinearPoster.swift in Sources */ = {isa = PBXBuildFile; fileRef = 6476FB262B760162001CB3CF /* LinearPoster.swift */; };
		6476FB2B2B761966001CB3CF /* DiscoverView.swift in Sources */ = {isa = PBXBuildFile; fileRef = 6476FB2A2B761966001CB3CF /* DiscoverView.swift */; };
		6476FB2E2B761998001CB3CF /* ClubView.swift in Sources */ = {isa = PBXBuildFile; fileRef = 6476FB2D2B761998001CB3CF /* ClubView.swift */; };
		6476FB312B761A8A001CB3CF /* ConfettiSwiftUI in Frameworks */ = {isa = PBXBuildFile; productRef = 6476FB302B761A8A001CB3CF /* ConfettiSwiftUI */; };
		6476FB352B76295B001CB3CF /* BannerImage.swift in Sources */ = {isa = PBXBuildFile; fileRef = 6476FB342B76295B001CB3CF /* BannerImage.swift */; };
		6476FB382B763E44001CB3CF /* OnboardingKit in Frameworks */ = {isa = PBXBuildFile; productRef = 6476FB372B763E44001CB3CF /* OnboardingKit */; };
		6476FB3B2B763E9F001CB3CF /* Onboarding + Ext.swift in Sources */ = {isa = PBXBuildFile; fileRef = 6476FB3A2B763E9F001CB3CF /* Onboarding + Ext.swift */; };
		6476FB3E2B76483E001CB3CF /* LoadingView.swift in Sources */ = {isa = PBXBuildFile; fileRef = 6476FB3D2B76483E001CB3CF /* LoadingView.swift */; };
		64BAFA272B52240100D212A8 /* CategoryListView.swift in Sources */ = {isa = PBXBuildFile; fileRef = 64BAFA262B52240100D212A8 /* CategoryListView.swift */; };
		64BBA6AE2B7433F000AA0583 /* ListsModel.swift in Sources */ = {isa = PBXBuildFile; fileRef = 64BBA6AD2B7433F000AA0583 /* ListsModel.swift */; };
		64BBA6B12B7442F400AA0583 /* RemoteImage.swift in Sources */ = {isa = PBXBuildFile; fileRef = 64BBA6B02B7442F400AA0583 /* RemoteImage.swift */; };
		64CD61922B740A9900C6EB19 /* APIModel.swift in Sources */ = {isa = PBXBuildFile; fileRef = 64CD61912B740A9900C6EB19 /* APIModel.swift */; };
		64D8B5B62B751281000B00FF /* FlatLinkStyle.swift in Sources */ = {isa = PBXBuildFile; fileRef = 64D8B5B52B751281000B00FF /* FlatLinkStyle.swift */; };
		64D8B5B82B7512AD000B00FF /* TrailingIconLabelStyle.swift in Sources */ = {isa = PBXBuildFile; fileRef = 64D8B5B72B7512AD000B00FF /* TrailingIconLabelStyle.swift */; };
		64E9FE352B74BE2100E516B7 /* SearchButton.swift in Sources */ = {isa = PBXBuildFile; fileRef = 64E9FE342B74BE2100E516B7 /* SearchButton.swift */; };
		64F884E52B61340000D8C815 /* SearchView.swift in Sources */ = {isa = PBXBuildFile; fileRef = 64F884E42B61340000D8C815 /* SearchView.swift */; };
		64FD3E672B5E913000078BC3 /* OverviewMovie.swift in Sources */ = {isa = PBXBuildFile; fileRef = 64FD3E662B5E913000078BC3 /* OverviewMovie.swift */; };
/* End PBXBuildFile section */

/* Begin PBXFileReference section */
		641B0D5F2B71D869009807F5 /* NetworkManager.swift */ = {isa = PBXFileReference; lastKnownFileType = sourcecode.swift; path = NetworkManager.swift; sourceTree = "<group>"; };
		641B0D612B71D95C009807F5 /* APError.swift */ = {isa = PBXFileReference; fileEncoding = 4; lastKnownFileType = sourcecode.swift; path = APError.swift; sourceTree = "<group>"; };
		641B0D622B71D95C009807F5 /* Alert.swift */ = {isa = PBXFileReference; fileEncoding = 4; lastKnownFileType = sourcecode.swift; path = Alert.swift; sourceTree = "<group>"; };
		641B0D652B71DA04009807F5 /* apiViewModel.swift */ = {isa = PBXFileReference; lastKnownFileType = sourcecode.swift; path = apiViewModel.swift; sourceTree = "<group>"; };
		641BB6E12B335F6200806636 /* Willy Nilly.app */ = {isa = PBXFileReference; explicitFileType = wrapper.application; includeInIndex = 0; path = "Willy Nilly.app"; sourceTree = BUILT_PRODUCTS_DIR; };
		641BB6E42B335F6200806636 /* Willy_NillyApp.swift */ = {isa = PBXFileReference; lastKnownFileType = sourcecode.swift; path = Willy_NillyApp.swift; sourceTree = "<group>"; };
		641BB6E82B335F6400806636 /* Assets.xcassets */ = {isa = PBXFileReference; lastKnownFileType = folder.assetcatalog; path = Assets.xcassets; sourceTree = "<group>"; };
		641BB6EB2B335F6400806636 /* Preview Assets.xcassets */ = {isa = PBXFileReference; lastKnownFileType = folder.assetcatalog; path = "Preview Assets.xcassets"; sourceTree = "<group>"; };
		643B9DE02B51138C00200050 /* HorizonScrollView.swift */ = {isa = PBXFileReference; lastKnownFileType = sourcecode.swift; path = HorizonScrollView.swift; sourceTree = "<group>"; };
		643B9DE22B5114EF00200050 /* HomeView.swift */ = {isa = PBXFileReference; lastKnownFileType = sourcecode.swift; path = HomeView.swift; sourceTree = "<group>"; };
		643B9DE62B51211700200050 /* TabHome.swift */ = {isa = PBXFileReference; lastKnownFileType = sourcecode.swift; path = TabHome.swift; sourceTree = "<group>"; };
		643B9DE82B512DD500200050 /* CategoryView.swift */ = {isa = PBXFileReference; lastKnownFileType = sourcecode.swift; path = CategoryView.swift; sourceTree = "<group>"; };
		64498C502B5BF7C2007222CB /* PopularBanner.swift */ = {isa = PBXFileReference; lastKnownFileType = sourcecode.swift; path = PopularBanner.swift; sourceTree = "<group>"; };
		6475DE0C2B748BBE00C40737 /* MyListsView.swift */ = {isa = PBXFileReference; lastKnownFileType = sourcecode.swift; path = MyListsView.swift; sourceTree = "<group>"; };
		6475DE0F2B74913700C40737 /* AllMovieView.swift */ = {isa = PBXFileReference; lastKnownFileType = sourcecode.swift; path = AllMovieView.swift; sourceTree = "<group>"; };
		6476FB232B75ACAA001CB3CF /* ContextMenuMovieCell.swift */ = {isa = PBXFileReference; lastKnownFileType = sourcecode.swift; path = ContextMenuMovieCell.swift; sourceTree = "<group>"; };
		6476FB262B760162001CB3CF /* LinearPoster.swift */ = {isa = PBXFileReference; lastKnownFileType = sourcecode.swift; path = LinearPoster.swift; sourceTree = "<group>"; };
		6476FB2A2B761966001CB3CF /* DiscoverView.swift */ = {isa = PBXFileReference; lastKnownFileType = sourcecode.swift; path = DiscoverView.swift; sourceTree = "<group>"; };
		6476FB2D2B761998001CB3CF /* ClubView.swift */ = {isa = PBXFileReference; lastKnownFileType = sourcecode.swift; path = ClubView.swift; sourceTree = "<group>"; };
		6476FB342B76295B001CB3CF /* BannerImage.swift */ = {isa = PBXFileReference; lastKnownFileType = sourcecode.swift; path = BannerImage.swift; sourceTree = "<group>"; };
		6476FB3A2B763E9F001CB3CF /* Onboarding + Ext.swift */ = {isa = PBXFileReference; lastKnownFileType = sourcecode.swift; path = "Onboarding + Ext.swift"; sourceTree = "<group>"; };
		6476FB3D2B76483E001CB3CF /* LoadingView.swift */ = {isa = PBXFileReference; lastKnownFileType = sourcecode.swift; path = LoadingView.swift; sourceTree = "<group>"; };
		64BAFA262B52240100D212A8 /* CategoryListView.swift */ = {isa = PBXFileReference; lastKnownFileType = sourcecode.swift; path = CategoryListView.swift; sourceTree = "<group>"; };
		64BBA6AD2B7433F000AA0583 /* ListsModel.swift */ = {isa = PBXFileReference; lastKnownFileType = sourcecode.swift; path = ListsModel.swift; sourceTree = "<group>"; };
		64BBA6B02B7442F400AA0583 /* RemoteImage.swift */ = {isa = PBXFileReference; lastKnownFileType = sourcecode.swift; path = RemoteImage.swift; sourceTree = "<group>"; };
		64CD61912B740A9900C6EB19 /* APIModel.swift */ = {isa = PBXFileReference; lastKnownFileType = sourcecode.swift; path = APIModel.swift; sourceTree = "<group>"; };
		64D8B5B52B751281000B00FF /* FlatLinkStyle.swift */ = {isa = PBXFileReference; lastKnownFileType = sourcecode.swift; path = FlatLinkStyle.swift; sourceTree = "<group>"; };
		64D8B5B72B7512AD000B00FF /* TrailingIconLabelStyle.swift */ = {isa = PBXFileReference; lastKnownFileType = sourcecode.swift; path = TrailingIconLabelStyle.swift; sourceTree = "<group>"; };
		64E9FE342B74BE2100E516B7 /* SearchButton.swift */ = {isa = PBXFileReference; lastKnownFileType = sourcecode.swift; path = SearchButton.swift; sourceTree = "<group>"; };
		64F884E42B61340000D8C815 /* SearchView.swift */ = {isa = PBXFileReference; lastKnownFileType = sourcecode.swift; path = SearchView.swift; sourceTree = "<group>"; };
		64FD3E662B5E913000078BC3 /* OverviewMovie.swift */ = {isa = PBXFileReference; lastKnownFileType = sourcecode.swift; path = OverviewMovie.swift; sourceTree = "<group>"; };
/* End PBXFileReference section */

/* Begin PBXFrameworksBuildPhase section */
		641BB6DE2B335F6200806636 /* Frameworks */ = {
			isa = PBXFrameworksBuildPhase;
			buildActionMask = 2147483647;
			files = (
				6476FB382B763E44001CB3CF /* OnboardingKit in Frameworks */,
				6476FB312B761A8A001CB3CF /* ConfettiSwiftUI in Frameworks */,
				642606F32B58C2A000DA9DCA /* Kingfisher in Frameworks */,
			);
			runOnlyForDeploymentPostprocessing = 0;
		};
/* End PBXFrameworksBuildPhase section */

/* Begin PBXGroup section */
		641BB6D82B335F6200806636 = {
			isa = PBXGroup;
			children = (
				641BB6E32B335F6200806636 /* Willy Nilly */,
				641BB6E22B335F6200806636 /* Products */,
			);
			sourceTree = "<group>";
		};
		641BB6E22B335F6200806636 /* Products */ = {
			isa = PBXGroup;
			children = (
				641BB6E12B335F6200806636 /* Willy Nilly.app */,
			);
			name = Products;
			sourceTree = "<group>";
		};
		641BB6E32B335F6200806636 /* Willy Nilly */ = {
			isa = PBXGroup;
			children = (
				641BB6E42B335F6200806636 /* Willy_NillyApp.swift */,
				64E9FE372B74CA7000E516B7 /* Core Data */,
				64CD61962B74140900C6EB19 /* Model */,
				642606EE2B58BB3F00DA9DCA /* Views */,
				64BAFA282B5267C200D212A8 /* api */,
				642606EC2B58BB0B00DA9DCA /* Screens */,
				641BB6E82B335F6400806636 /* Assets.xcassets */,
				641BB6EA2B335F6400806636 /* Preview Content */,
			);
			path = "Willy Nilly";
			sourceTree = "<group>";
		};
		641BB6EA2B335F6400806636 /* Preview Content */ = {
			isa = PBXGroup;
			children = (
				641BB6EB2B335F6400806636 /* Preview Assets.xcassets */,
			);
			path = "Preview Content";
			sourceTree = "<group>";
		};
		642606EC2B58BB0B00DA9DCA /* Screens */ = {
			isa = PBXGroup;
			children = (
				643B9DE62B51211700200050 /* TabHome.swift */,
				6476FB282B761926001CB3CF /* MainScreen */,
				6476FB322B762045001CB3CF /* SubScreen */,
			);
			path = Screens;
			sourceTree = "<group>";
		};
		642606EE2B58BB3F00DA9DCA /* Views */ = {
			isa = PBXGroup;
			children = (
				6476FB3C2B76482F001CB3CF /* UIComponent  */,
				6476FB392B763E89001CB3CF /* Onboarding */,
				6476FB332B76292D001CB3CF /* Monifier */,
				6476FB252B76014B001CB3CF /* Overlay */,
				64D8B5B42B75126A000B00FF /* makeBody */,
				64E9FE332B74BE0400E516B7 /* Button */,
				64BBA6B22B745D6B00AA0583 /* Cell */,
				64BBA6AF2B7442E500AA0583 /* Image */,
			);
			path = Views;
			sourceTree = "<group>";
		};
		6475DE092B748B5600C40737 /* MyList */ = {
			isa = PBXGroup;
			children = (
				6475DE0C2B748BBE00C40737 /* MyListsView.swift */,
			);
			path = MyList;
			sourceTree = "<group>";
		};
		6475DE0E2B74912000C40737 /* AllMovie */ = {
			isa = PBXGroup;
			children = (
				6475DE0F2B74913700C40737 /* AllMovieView.swift */,
			);
			path = AllMovie;
			sourceTree = "<group>";
		};
		6476FB252B76014B001CB3CF /* Overlay */ = {
			isa = PBXGroup;
			children = (
				6476FB262B760162001CB3CF /* LinearPoster.swift */,
			);
			path = Overlay;
			sourceTree = "<group>";
		};
		6476FB282B761926001CB3CF /* MainScreen */ = {
			isa = PBXGroup;
			children = (
				6476FB2C2B761975001CB3CF /* Club */,
				6476FB292B761950001CB3CF /* Discover */,
				64CD61932B7413DF00C6EB19 /* Home */,
				6475DE092B748B5600C40737 /* MyList */,
			);
			path = MainScreen;
			sourceTree = "<group>";
		};
		6476FB292B761950001CB3CF /* Discover */ = {
			isa = PBXGroup;
			children = (
				6476FB2A2B761966001CB3CF /* DiscoverView.swift */,
			);
			path = Discover;
			sourceTree = "<group>";
		};
		6476FB2C2B761975001CB3CF /* Club */ = {
			isa = PBXGroup;
			children = (
				6476FB2D2B761998001CB3CF /* ClubView.swift */,
			);
			path = Club;
			sourceTree = "<group>";
		};
		6476FB322B762045001CB3CF /* SubScreen */ = {
			isa = PBXGroup;
			children = (
				64E9FE362B74BE7900E516B7 /* OverviewMovie */,
				6475DE0E2B74912000C40737 /* AllMovie */,
				64CD61952B7413F700C6EB19 /* Search */,
				64CD61942B7413EE00C6EB19 /* Category */,
			);
			path = SubScreen;
			sourceTree = "<group>";
		};
		6476FB332B76292D001CB3CF /* Monifier */ = {
			isa = PBXGroup;
			children = (
				6476FB342B76295B001CB3CF /* BannerImage.swift */,
			);
			path = Monifier;
			sourceTree = "<group>";
		};
		6476FB392B763E89001CB3CF /* Onboarding */ = {
			isa = PBXGroup;
			children = (
				6476FB3A2B763E9F001CB3CF /* Onboarding + Ext.swift */,
			);
			path = Onboarding;
			sourceTree = "<group>";
		};
		6476FB3C2B76482F001CB3CF /* UIComponent  */ = {
			isa = PBXGroup;
			children = (
				6476FB3D2B76483E001CB3CF /* LoadingView.swift */,
			);
			path = "UIComponent ";
			sourceTree = "<group>";
		};
		64BAFA282B5267C200D212A8 /* api */ = {
			isa = PBXGroup;
			children = (
				641B0D652B71DA04009807F5 /* apiViewModel.swift */,
				641B0D622B71D95C009807F5 /* Alert.swift */,
				641B0D612B71D95C009807F5 /* APError.swift */,
				641B0D5F2B71D869009807F5 /* NetworkManager.swift */,
			);
			path = api;
			sourceTree = "<group>";
		};
		64BBA6AF2B7442E500AA0583 /* Image */ = {
			isa = PBXGroup;
			children = (
				64BBA6B02B7442F400AA0583 /* RemoteImage.swift */,
			);
			path = Image;
			sourceTree = "<group>";
		};
		64BBA6B22B745D6B00AA0583 /* Cell */ = {
			isa = PBXGroup;
			children = (
				643B9DE02B51138C00200050 /* HorizonScrollView.swift */,
				64498C502B5BF7C2007222CB /* PopularBanner.swift */,
				6476FB232B75ACAA001CB3CF /* ContextMenuMovieCell.swift */,
			);
			path = Cell;
			sourceTree = "<group>";
		};
		64CD61932B7413DF00C6EB19 /* Home */ = {
			isa = PBXGroup;
			children = (
				643B9DE22B5114EF00200050 /* HomeView.swift */,
			);
			path = Home;
			sourceTree = "<group>";
		};
		64CD61942B7413EE00C6EB19 /* Category */ = {
			isa = PBXGroup;
			children = (
				643B9DE82B512DD500200050 /* CategoryView.swift */,
				64BAFA262B52240100D212A8 /* CategoryListView.swift */,
			);
			path = Category;
			sourceTree = "<group>";
		};
		64CD61952B7413F700C6EB19 /* Search */ = {
			isa = PBXGroup;
			children = (
				64F884E42B61340000D8C815 /* SearchView.swift */,
			);
			path = Search;
			sourceTree = "<group>";
		};
		64CD61962B74140900C6EB19 /* Model */ = {
			isa = PBXGroup;
			children = (
				64CD61912B740A9900C6EB19 /* APIModel.swift */,
				64BBA6AD2B7433F000AA0583 /* ListsModel.swift */,
			);
			path = Model;
			sourceTree = "<group>";
		};
		64D8B5B42B75126A000B00FF /* makeBody */ = {
			isa = PBXGroup;
			children = (
				64D8B5B52B751281000B00FF /* FlatLinkStyle.swift */,
				64D8B5B72B7512AD000B00FF /* TrailingIconLabelStyle.swift */,
			);
			path = makeBody;
			sourceTree = "<group>";
		};
		64E9FE332B74BE0400E516B7 /* Button */ = {
			isa = PBXGroup;
			children = (
				64E9FE342B74BE2100E516B7 /* SearchButton.swift */,
			);
			path = Button;
			sourceTree = "<group>";
		};
		64E9FE362B74BE7900E516B7 /* OverviewMovie */ = {
			isa = PBXGroup;
			children = (
				64FD3E662B5E913000078BC3 /* OverviewMovie.swift */,
			);
			path = OverviewMovie;
			sourceTree = "<group>";
		};
		64E9FE372B74CA7000E516B7 /* Core Data */ = {
			isa = PBXGroup;
			children = (
			);
			path = "Core Data";
			sourceTree = "<group>";
		};
/* End PBXGroup section */

/* Begin PBXNativeTarget section */
		641BB6E02B335F6200806636 /* Willy Nilly */ = {
			isa = PBXNativeTarget;
			buildConfigurationList = 641BB6EF2B335F6400806636 /* Build configuration list for PBXNativeTarget "Willy Nilly" */;
			buildPhases = (
				641BB6DD2B335F6200806636 /* Sources */,
				641BB6DE2B335F6200806636 /* Frameworks */,
				641BB6DF2B335F6200806636 /* Resources */,
			);
			buildRules = (
			);
			dependencies = (
			);
			name = "Willy Nilly";
			packageProductDependencies = (
				642606F22B58C2A000DA9DCA /* Kingfisher */,
				6476FB302B761A8A001CB3CF /* ConfettiSwiftUI */,
				6476FB372B763E44001CB3CF /* OnboardingKit */,
			);
			productName = "Willy Nilly";
			productReference = 641BB6E12B335F6200806636 /* Willy Nilly.app */;
			productType = "com.apple.product-type.application";
		};
/* End PBXNativeTarget section */

/* Begin PBXProject section */
		641BB6D92B335F6200806636 /* Project object */ = {
			isa = PBXProject;
			attributes = {
				BuildIndependentTargetsInParallel = 1;
				LastSwiftUpdateCheck = 1510;
				LastUpgradeCheck = 1510;
				TargetAttributes = {
					641BB6E02B335F6200806636 = {
						CreatedOnToolsVersion = 15.1;
					};
				};
			};
			buildConfigurationList = 641BB6DC2B335F6200806636 /* Build configuration list for PBXProject "Willy Nilly" */;
			compatibilityVersion = "Xcode 14.0";
			developmentRegion = en;
			hasScannedForEncodings = 0;
			knownRegions = (
				en,
				Base,
			);
			mainGroup = 641BB6D82B335F6200806636;
			packageReferences = (
				642606F12B58C2A000DA9DCA /* XCRemoteSwiftPackageReference "Kingfisher" */,
				6476FB2F2B761A8A001CB3CF /* XCRemoteSwiftPackageReference "ConfettiSwiftUI" */,
				6476FB362B763E44001CB3CF /* XCRemoteSwiftPackageReference "OnboardingKit" */,
			);
			productRefGroup = 641BB6E22B335F6200806636 /* Products */;
			projectDirPath = "";
			projectRoot = "";
			targets = (
				641BB6E02B335F6200806636 /* Willy Nilly */,
			);
		};
/* End PBXProject section */

/* Begin PBXResourcesBuildPhase section */
		641BB6DF2B335F6200806636 /* Resources */ = {
			isa = PBXResourcesBuildPhase;
			buildActionMask = 2147483647;
			files = (
				641BB6EC2B335F6400806636 /* Preview Assets.xcassets in Resources */,
				641BB6E92B335F6400806636 /* Assets.xcassets in Resources */,
			);
			runOnlyForDeploymentPostprocessing = 0;
		};
/* End PBXResourcesBuildPhase section */

/* Begin PBXSourcesBuildPhase section */
		641BB6DD2B335F6200806636 /* Sources */ = {
			isa = PBXSourcesBuildPhase;
			buildActionMask = 2147483647;
			files = (
				64D8B5B62B751281000B00FF /* FlatLinkStyle.swift in Sources */,
				6476FB242B75ACAA001CB3CF /* ContextMenuMovieCell.swift in Sources */,
				641B0D632B71D95C009807F5 /* APError.swift in Sources */,
				64E9FE352B74BE2100E516B7 /* SearchButton.swift in Sources */,
				6475DE102B74913700C40737 /* AllMovieView.swift in Sources */,
				6476FB3E2B76483E001CB3CF /* LoadingView.swift in Sources */,
				64BBA6B12B7442F400AA0583 /* RemoteImage.swift in Sources */,
				641B0D602B71D869009807F5 /* NetworkManager.swift in Sources */,
				64498C512B5BF7C2007222CB /* PopularBanner.swift in Sources */,
				643B9DE12B51138C00200050 /* HorizonScrollView.swift in Sources */,
				641BB6E52B335F6200806636 /* Willy_NillyApp.swift in Sources */,
				641B0D642B71D95C009807F5 /* Alert.swift in Sources */,
				6476FB2E2B761998001CB3CF /* ClubView.swift in Sources */,
				64CD61922B740A9900C6EB19 /* APIModel.swift in Sources */,
				643B9DE92B512DD500200050 /* CategoryView.swift in Sources */,
				6476FB3B2B763E9F001CB3CF /* Onboarding + Ext.swift in Sources */,
				6475DE0D2B748BBE00C40737 /* MyListsView.swift in Sources */,
				6476FB352B76295B001CB3CF /* BannerImage.swift in Sources */,
				6476FB272B760162001CB3CF /* LinearPoster.swift in Sources */,
				64D8B5B82B7512AD000B00FF /* TrailingIconLabelStyle.swift in Sources */,
				643B9DE32B5114EF00200050 /* HomeView.swift in Sources */,
				641B0D662B71DA04009807F5 /* apiViewModel.swift in Sources */,
				64BBA6AE2B7433F000AA0583 /* ListsModel.swift in Sources */,
				64FD3E672B5E913000078BC3 /* OverviewMovie.swift in Sources */,
				64F884E52B61340000D8C815 /* SearchView.swift in Sources */,
				643B9DE72B51211700200050 /* TabHome.swift in Sources */,
				64BAFA272B52240100D212A8 /* CategoryListView.swift in Sources */,
				6476FB2B2B761966001CB3CF /* DiscoverView.swift in Sources */,
			);
			runOnlyForDeploymentPostprocessing = 0;
		};
/* End PBXSourcesBuildPhase section */

/* Begin XCBuildConfiguration section */
		641BB6ED2B335F6400806636 /* Debug */ = {
			isa = XCBuildConfiguration;
			buildSettings = {
				ALWAYS_SEARCH_USER_PATHS = NO;
				ASSETCATALOG_COMPILER_GENERATE_SWIFT_ASSET_SYMBOL_EXTENSIONS = YES;
				CLANG_ANALYZER_NONNULL = YES;
				CLANG_ANALYZER_NUMBER_OBJECT_CONVERSION = YES_AGGRESSIVE;
				CLANG_CXX_LANGUAGE_STANDARD = "gnu++20";
				CLANG_ENABLE_MODULES = YES;
				CLANG_ENABLE_OBJC_ARC = YES;
				CLANG_ENABLE_OBJC_WEAK = YES;
				CLANG_WARN_BLOCK_CAPTURE_AUTORELEASING = YES;
				CLANG_WARN_BOOL_CONVERSION = YES;
				CLANG_WARN_COMMA = YES;
				CLANG_WARN_CONSTANT_CONVERSION = YES;
				CLANG_WARN_DEPRECATED_OBJC_IMPLEMENTATIONS = YES;
				CLANG_WARN_DIRECT_OBJC_ISA_USAGE = YES_ERROR;
				CLANG_WARN_DOCUMENTATION_COMMENTS = YES;
				CLANG_WARN_EMPTY_BODY = YES;
				CLANG_WARN_ENUM_CONVERSION = YES;
				CLANG_WARN_INFINITE_RECURSION = YES;
				CLANG_WARN_INT_CONVERSION = YES;
				CLANG_WARN_NON_LITERAL_NULL_CONVERSION = YES;
				CLANG_WARN_OBJC_IMPLICIT_RETAIN_SELF = YES;
				CLANG_WARN_OBJC_LITERAL_CONVERSION = YES;
				CLANG_WARN_OBJC_ROOT_CLASS = YES_ERROR;
				CLANG_WARN_QUOTED_INCLUDE_IN_FRAMEWORK_HEADER = YES;
				CLANG_WARN_RANGE_LOOP_ANALYSIS = YES;
				CLANG_WARN_STRICT_PROTOTYPES = YES;
				CLANG_WARN_SUSPICIOUS_MOVE = YES;
				CLANG_WARN_UNGUARDED_AVAILABILITY = YES_AGGRESSIVE;
				CLANG_WARN_UNREACHABLE_CODE = YES;
				CLANG_WARN__DUPLICATE_METHOD_MATCH = YES;
				COPY_PHASE_STRIP = NO;
				DEBUG_INFORMATION_FORMAT = dwarf;
				ENABLE_STRICT_OBJC_MSGSEND = YES;
				ENABLE_TESTABILITY = YES;
				ENABLE_USER_SCRIPT_SANDBOXING = YES;
				GCC_C_LANGUAGE_STANDARD = gnu17;
				GCC_DYNAMIC_NO_PIC = NO;
				GCC_NO_COMMON_BLOCKS = YES;
				GCC_OPTIMIZATION_LEVEL = 0;
				GCC_PREPROCESSOR_DEFINITIONS = (
					"DEBUG=1",
					"$(inherited)",
				);
				GCC_WARN_64_TO_32_BIT_CONVERSION = YES;
				GCC_WARN_ABOUT_RETURN_TYPE = YES_ERROR;
				GCC_WARN_UNDECLARED_SELECTOR = YES;
				GCC_WARN_UNINITIALIZED_AUTOS = YES_AGGRESSIVE;
				GCC_WARN_UNUSED_FUNCTION = YES;
				GCC_WARN_UNUSED_VARIABLE = YES;
				IPHONEOS_DEPLOYMENT_TARGET = 17.2;
				LOCALIZATION_PREFERS_STRING_CATALOGS = YES;
				MTL_ENABLE_DEBUG_INFO = INCLUDE_SOURCE;
				MTL_FAST_MATH = YES;
				ONLY_ACTIVE_ARCH = YES;
				SDKROOT = iphoneos;
				SWIFT_ACTIVE_COMPILATION_CONDITIONS = "DEBUG $(inherited)";
				SWIFT_OPTIMIZATION_LEVEL = "-Onone";
			};
			name = Debug;
		};
		641BB6EE2B335F6400806636 /* Release */ = {
			isa = XCBuildConfiguration;
			buildSettings = {
				ALWAYS_SEARCH_USER_PATHS = NO;
				ASSETCATALOG_COMPILER_GENERATE_SWIFT_ASSET_SYMBOL_EXTENSIONS = YES;
				CLANG_ANALYZER_NONNULL = YES;
				CLANG_ANALYZER_NUMBER_OBJECT_CONVERSION = YES_AGGRESSIVE;
				CLANG_CXX_LANGUAGE_STANDARD = "gnu++20";
				CLANG_ENABLE_MODULES = YES;
				CLANG_ENABLE_OBJC_ARC = YES;
				CLANG_ENABLE_OBJC_WEAK = YES;
				CLANG_WARN_BLOCK_CAPTURE_AUTORELEASING = YES;
				CLANG_WARN_BOOL_CONVERSION = YES;
				CLANG_WARN_COMMA = YES;
				CLANG_WARN_CONSTANT_CONVERSION = YES;
				CLANG_WARN_DEPRECATED_OBJC_IMPLEMENTATIONS = YES;
				CLANG_WARN_DIRECT_OBJC_ISA_USAGE = YES_ERROR;
				CLANG_WARN_DOCUMENTATION_COMMENTS = YES;
				CLANG_WARN_EMPTY_BODY = YES;
				CLANG_WARN_ENUM_CONVERSION = YES;
				CLANG_WARN_INFINITE_RECURSION = YES;
				CLANG_WARN_INT_CONVERSION = YES;
				CLANG_WARN_NON_LITERAL_NULL_CONVERSION = YES;
				CLANG_WARN_OBJC_IMPLICIT_RETAIN_SELF = YES;
				CLANG_WARN_OBJC_LITERAL_CONVERSION = YES;
				CLANG_WARN_OBJC_ROOT_CLASS = YES_ERROR;
				CLANG_WARN_QUOTED_INCLUDE_IN_FRAMEWORK_HEADER = YES;
				CLANG_WARN_RANGE_LOOP_ANALYSIS = YES;
				CLANG_WARN_STRICT_PROTOTYPES = YES;
				CLANG_WARN_SUSPICIOUS_MOVE = YES;
				CLANG_WARN_UNGUARDED_AVAILABILITY = YES_AGGRESSIVE;
				CLANG_WARN_UNREACHABLE_CODE = YES;
				CLANG_WARN__DUPLICATE_METHOD_MATCH = YES;
				COPY_PHASE_STRIP = NO;
				DEBUG_INFORMATION_FORMAT = "dwarf-with-dsym";
				ENABLE_NS_ASSERTIONS = NO;
				ENABLE_STRICT_OBJC_MSGSEND = YES;
				ENABLE_USER_SCRIPT_SANDBOXING = YES;
				GCC_C_LANGUAGE_STANDARD = gnu17;
				GCC_NO_COMMON_BLOCKS = YES;
				GCC_WARN_64_TO_32_BIT_CONVERSION = YES;
				GCC_WARN_ABOUT_RETURN_TYPE = YES_ERROR;
				GCC_WARN_UNDECLARED_SELECTOR = YES;
				GCC_WARN_UNINITIALIZED_AUTOS = YES_AGGRESSIVE;
				GCC_WARN_UNUSED_FUNCTION = YES;
				GCC_WARN_UNUSED_VARIABLE = YES;
				IPHONEOS_DEPLOYMENT_TARGET = 17.2;
				LOCALIZATION_PREFERS_STRING_CATALOGS = YES;
				MTL_ENABLE_DEBUG_INFO = NO;
				MTL_FAST_MATH = YES;
				SDKROOT = iphoneos;
				SWIFT_COMPILATION_MODE = wholemodule;
				VALIDATE_PRODUCT = YES;
			};
			name = Release;
		};
		641BB6F02B335F6400806636 /* Debug */ = {
			isa = XCBuildConfiguration;
			buildSettings = {
				ASSETCATALOG_COMPILER_APPICON_NAME = AppIcon;
				ASSETCATALOG_COMPILER_GLOBAL_ACCENT_COLOR_NAME = AccentColor;
				CODE_SIGN_STYLE = Automatic;
				CURRENT_PROJECT_VERSION = 1;
				DEVELOPMENT_ASSET_PATHS = "\"Willy Nilly/Preview Content\"";
				DEVELOPMENT_TEAM = H4X7G96ZKF;
				ENABLE_PREVIEWS = YES;
				GENERATE_INFOPLIST_FILE = YES;
				INFOPLIST_KEY_CFBundleDisplayName = "Willy Nilly";
				INFOPLIST_KEY_LSApplicationCategoryType = "public.app-category.entertainment";
				INFOPLIST_KEY_UIApplicationSceneManifest_Generation = YES;
				INFOPLIST_KEY_UIApplicationSupportsIndirectInputEvents = YES;
				INFOPLIST_KEY_UILaunchScreen_Generation = YES;
				INFOPLIST_KEY_UISupportedInterfaceOrientations_iPad = "UIInterfaceOrientationPortrait UIInterfaceOrientationPortraitUpsideDown UIInterfaceOrientationLandscapeLeft UIInterfaceOrientationLandscapeRight";
				INFOPLIST_KEY_UISupportedInterfaceOrientations_iPhone = "UIInterfaceOrientationPortrait UIInterfaceOrientationLandscapeLeft UIInterfaceOrientationLandscapeRight";
				LD_RUNPATH_SEARCH_PATHS = (
					"$(inherited)",
					"@executable_path/Frameworks",
				);
				MARKETING_VERSION = 1.0;
				PRODUCT_BUNDLE_IDENTIFIER = "com.palatipjant.Willy-Nilly";
				PRODUCT_NAME = "$(TARGET_NAME)";
				SWIFT_EMIT_LOC_STRINGS = YES;
				SWIFT_VERSION = 5.0;
				TARGETED_DEVICE_FAMILY = "1,2";
			};
			name = Debug;
		};
		641BB6F12B335F6400806636 /* Release */ = {
			isa = XCBuildConfiguration;
			buildSettings = {
				ASSETCATALOG_COMPILER_APPICON_NAME = AppIcon;
				ASSETCATALOG_COMPILER_GLOBAL_ACCENT_COLOR_NAME = AccentColor;
				CODE_SIGN_STYLE = Automatic;
				CURRENT_PROJECT_VERSION = 1;
				DEVELOPMENT_ASSET_PATHS = "\"Willy Nilly/Preview Content\"";
				DEVELOPMENT_TEAM = H4X7G96ZKF;
				ENABLE_PREVIEWS = YES;
				GENERATE_INFOPLIST_FILE = YES;
				INFOPLIST_KEY_CFBundleDisplayName = "Willy Nilly";
				INFOPLIST_KEY_LSApplicationCategoryType = "public.app-category.entertainment";
				INFOPLIST_KEY_UIApplicationSceneManifest_Generation = YES;
				INFOPLIST_KEY_UIApplicationSupportsIndirectInputEvents = YES;
				INFOPLIST_KEY_UILaunchScreen_Generation = YES;
				INFOPLIST_KEY_UISupportedInterfaceOrientations_iPad = "UIInterfaceOrientationPortrait UIInterfaceOrientationPortraitUpsideDown UIInterfaceOrientationLandscapeLeft UIInterfaceOrientationLandscapeRight";
				INFOPLIST_KEY_UISupportedInterfaceOrientations_iPhone = "UIInterfaceOrientationPortrait UIInterfaceOrientationLandscapeLeft UIInterfaceOrientationLandscapeRight";
				LD_RUNPATH_SEARCH_PATHS = (
					"$(inherited)",
					"@executable_path/Frameworks",
				);
				MARKETING_VERSION = 1.0;
				PRODUCT_BUNDLE_IDENTIFIER = "com.palatipjant.Willy-Nilly";
				PRODUCT_NAME = "$(TARGET_NAME)";
				SWIFT_EMIT_LOC_STRINGS = YES;
				SWIFT_VERSION = 5.0;
				TARGETED_DEVICE_FAMILY = "1,2";
			};
			name = Release;
		};
/* End XCBuildConfiguration section */

/* Begin XCConfigurationList section */
		641BB6DC2B335F6200806636 /* Build configuration list for PBXProject "Willy Nilly" */ = {
			isa = XCConfigurationList;
			buildConfigurations = (
				641BB6ED2B335F6400806636 /* Debug */,
				641BB6EE2B335F6400806636 /* Release */,
			);
			defaultConfigurationIsVisible = 0;
			defaultConfigurationName = Release;
		};
		641BB6EF2B335F6400806636 /* Build configuration list for PBXNativeTarget "Willy Nilly" */ = {
			isa = XCConfigurationList;
			buildConfigurations = (
				641BB6F02B335F6400806636 /* Debug */,
				641BB6F12B335F6400806636 /* Release */,
			);
			defaultConfigurationIsVisible = 0;
			defaultConfigurationName = Release;
		};
/* End XCConfigurationList section */

/* Begin XCRemoteSwiftPackageReference section */
		642606F12B58C2A000DA9DCA /* XCRemoteSwiftPackageReference "Kingfisher" */ = {
			isa = XCRemoteSwiftPackageReference;
			repositoryURL = "https://github.com/onevcat/Kingfisher.git";
			requirement = {
				kind = upToNextMajorVersion;
				minimumVersion = 7.10.2;
			};
		};
		6476FB2F2B761A8A001CB3CF /* XCRemoteSwiftPackageReference "ConfettiSwiftUI" */ = {
			isa = XCRemoteSwiftPackageReference;
			repositoryURL = "https://github.com/simibac/ConfettiSwiftUI.git";
			requirement = {
				kind = upToNextMajorVersion;
				minimumVersion = 1.1.0;
			};
		};
		6476FB362B763E44001CB3CF /* XCRemoteSwiftPackageReference "OnboardingKit" */ = {
			isa = XCRemoteSwiftPackageReference;
			repositoryURL = "https://github.com/JamesSedlacek/OnboardingKit.git";
			requirement = {
				branch = main;
				kind = branch;
			};
		};
/* End XCRemoteSwiftPackageReference section */

/* Begin XCSwiftPackageProductDependency section */
		642606F22B58C2A000DA9DCA /* Kingfisher */ = {
			isa = XCSwiftPackageProductDependency;
			package = 642606F12B58C2A000DA9DCA /* XCRemoteSwiftPackageReference "Kingfisher" */;
			productName = Kingfisher;
		};
		6476FB302B761A8A001CB3CF /* ConfettiSwiftUI */ = {
			isa = XCSwiftPackageProductDependency;
			package = 6476FB2F2B761A8A001CB3CF /* XCRemoteSwiftPackageReference "ConfettiSwiftUI" */;
			productName = ConfettiSwiftUI;
		};
		6476FB372B763E44001CB3CF /* OnboardingKit */ = {
			isa = XCSwiftPackageProductDependency;
			package = 6476FB362B763E44001CB3CF /* XCRemoteSwiftPackageReference "OnboardingKit" */;
			productName = OnboardingKit;
		};
/* End XCSwiftPackageProductDependency section */
	};
	rootObject = 641BB6D92B335F6200806636 /* Project object */;
}
